{
  "name": "heheda-network",
  "version": "1.1.2",
  "lockfileVersion": 1,
  "requires": true,
  "dependencies": {
    "heheda-common-view": {
      "version": "1.0.0",
      "resolved": "http://192.168.1.56:4873/heheda-common-view/-/heheda-common-view-1.0.0.tgz",
      "integrity": "sha512-5NgUhQNQsn/cTe5gm1fODtIxMphsIvZp9q4NrRB+EH+0ltMcjmEnta2mhcqllwiHZrumlD+4RBbsuyQiM1Y93g=="
    },
    "js-md5": {
      "version": "0.7.3",
      "resolved": "http://192.168.1.56:4873/js-md5/-/js-md5-0.7.3.tgz",
      "integrity": "sha1-tPL7sLMnRV9ZjWcn447Ccs0Jw/I="
    }
  }
}
